
Microsoft Visual Studio Solution File, Format Version 12.00
# Visual Studio Version 17
VisualStudioVersion = 17.7.34202.233
MinimumVisualStudioVersion = 10.0.40219.1
Project("{9A19103F-16F7-4668-BE54-9A1E7A4F7556}") = "CyberShoke", "CyberShoke.csproj", "{68BE6657-4E3B-4D32-A390-4C4ECF3C73BF}"
EndProject
Project("{9A19103F-16F7-4668-BE54-9A1E7A4F7556}") = "CyberShokeTests", "..\CyberShokeTests\CyberShokeTests.csproj", "{5BC653CF-7548-4DF1-9C50-4977A4E4C37E}"
EndProject
Global
	GlobalSection(SolutionConfigurationPlatforms) = preSolution
		Debug|Any CPU = Debug|Any CPU
		Release|Any CPU = Release|Any CPU
	EndGlobalSection
	GlobalSection(ProjectConfigurationPlatforms) = postSolution
		{68BE6657-4E3B-4D32-A390-4C4ECF3C73BF}.Debug|Any CPU.ActiveCfg = Debug|Any CPU
		{68BE6657-4E3B-4D32-A390-4C4ECF3C73BF}.Debug|Any CPU.Build.0 = Debug|Any CPU
		{68BE6657-4E3B-4D32-A390-4C4ECF3C73BF}.Release|Any CPU.ActiveCfg = Release|Any CPU
		{68BE6657-4E3B-4D32-A390-4C4ECF3C73BF}.Release|Any CPU.Build.0 = Release|Any CPU
		{5BC653CF-7548-4DF1-9C50-4977A4E4C37E}.Debug|Any CPU.ActiveCfg = Debug|Any CPU
		{5BC653CF-7548-4DF1-9C50-4977A4E4C37E}.Debug|Any CPU.Build.0 = Debug|Any CPU
		{5BC653CF-7548-4DF1-9C50-4977A4E4C37E}.Release|Any CPU.ActiveCfg = Release|Any CPU
		{5BC653CF-7548-4DF1-9C50-4977A4E4C37E}.Release|Any CPU.Build.0 = Release|Any CPU
	EndGlobalSection
	GlobalSection(SolutionProperties) = preSolution
		HideSolutionNode = FALSE
	EndGlobalSection
	GlobalSection(ExtensibilityGlobals) = postSolution
		SolutionGuid = {AB6B17BE-28B2-4F39-882C-343692F1AB0F}
	EndGlobalSection
EndGlobal
